
Microsoft Visual Studio Solution File, Format Version 12.00
# Visual Studio 15
VisualStudioVersion = 15.0.27130.2010
MinimumVisualStudioVersion = 10.0.40219.1
Project("{2150E333-8FDC-42A3-9474-1A3956D46DE8}") = "Communication", "Communication", "{8A23DE96-663C-4F8A-AD76-93A8A1F09EBE}"
EndProject
Project("{9A19103F-16F7-4668-BE54-9A1E7A4F7556}") = "Wist.Communication", "Communication\Wist.Communication\Wist.Communication.csproj", "{871F2FF0-B4F1-41F7-89FB-5A9207CDA75B}"
EndProject
Project("{9A19103F-16F7-4668-BE54-9A1E7A4F7556}") = "Wist.Core", "Wist.Core\Wist.Core.csproj", "{EC7E5756-C2F6-40A7-8F5B-C8740DF3A5A9}"
EndProject
Project("{9A19103F-16F7-4668-BE54-9A1E7A4F7556}") = "Wist.Communication.Tests", "Communication\Wist.Communication.Tests\Wist.Communication.Tests.csproj", "{501D0FB4-B73C-475D-80F5-1F00BA459FAC}"
EndProject
Project("{9A19103F-16F7-4668-BE54-9A1E7A4F7556}") = "Wist.Core.Tests", "Wist.Core.Tests\Wist.Core.Tests.csproj", "{E4742514-9B5D-4463-BDEB-D035621C528C}"
EndProject
Project("{2150E333-8FDC-42A3-9474-1A3956D46DE8}") = "Crypto", "Crypto", "{1E89ACFB-CB40-4666-8246-5378DC3EB058}"
EndProject
Project("{9A19103F-16F7-4668-BE54-9A1E7A4F7556}") = "Chaos.NaCl", "Crypto\Chaos.NaCl\Chaos.NaCl.csproj", "{D50F9107-FC2E-44DF-ABAD-510CC70E2E54}"
EndProject
Project("{2150E333-8FDC-42A3-9474-1A3956D46DE8}") = "BlockLattice", "BlockLattice", "{7EAABD3F-EDFD-4E08-B9AC-4F28F17C3CD6}"
EndProject
Project("{9A19103F-16F7-4668-BE54-9A1E7A4F7556}") = "Wist.BlockLattice.Core", "BlockLattice\Wist.BlockLattice.Core\Wist.BlockLattice.Core.csproj", "{A88CE212-6EE8-4F77-A5FC-6E4D02A91F6A}"
EndProject
Project("{2150E333-8FDC-42A3-9474-1A3956D46DE8}") = "Node", "Node", "{FC085ED7-E813-480A-A197-5ECE13BBF9DB}"
EndProject
Project("{9A19103F-16F7-4668-BE54-9A1E7A4F7556}") = "Wist.Node.Core", "Node\Wist.Node.Core\Wist.Node.Core.csproj", "{79953FDF-C430-474C-802F-A7EDC3FD2B7E}"
EndProject
Project("{9A19103F-16F7-4668-BE54-9A1E7A4F7556}") = "Wist.BlockLattice.SQLite", "BlockLattice\Wist.BlockLattice.SQLite\Wist.BlockLattice.SQLite.csproj", "{D3E3B9B5-54A4-4F30-BCC3-121FFC182402}"
EndProject
Project("{9A19103F-16F7-4668-BE54-9A1E7A4F7556}") = "Wist.BlockLattice.DataModel", "BlockLattice\Wist.BlockLattice.DataModel\Wist.BlockLattice.DataModel.csproj", "{C00D10B5-3641-487F-9CBD-F7E8A0890112}"
EndProject
Project("{9A19103F-16F7-4668-BE54-9A1E7A4F7556}") = "Wist.Node", "Node\Wist.Node\Wist.Node.csproj", "{8F9EB526-5E94-47FC-9FDA-A8D743CA2B1E}"
	ProjectSection(ProjectDependencies) = postProject
		{D50F9107-FC2E-44DF-ABAD-510CC70E2E54} = {D50F9107-FC2E-44DF-ABAD-510CC70E2E54}
		{9D352643-DCF0-408F-9A11-65DC1D110E83} = {9D352643-DCF0-408F-9A11-65DC1D110E83}
		{D3E3B9B5-54A4-4F30-BCC3-121FFC182402} = {D3E3B9B5-54A4-4F30-BCC3-121FFC182402}
		{871F2FF0-B4F1-41F7-89FB-5A9207CDA75B} = {871F2FF0-B4F1-41F7-89FB-5A9207CDA75B}
		{78DCDBFC-7FB0-4783-B172-C6043D6AA9DC} = {78DCDBFC-7FB0-4783-B172-C6043D6AA9DC}
	EndProjectSection
EndProject
Project("{2150E333-8FDC-42A3-9474-1A3956D46DE8}") = "Tests", "Tests", "{A80B47B4-9389-4348-8645-FFC17974D5EF}"
EndProject
Project("{9A19103F-16F7-4668-BE54-9A1E7A4F7556}") = "Wist.Tests.Core", "Tests\Wist.Tests.Core\Wist.Tests.Core.csproj", "{59DB939E-42CA-4995-A03B-30B71925887D}"
EndProject
Project("{9A19103F-16F7-4668-BE54-9A1E7A4F7556}") = "Wist.BlockLattice.Core.Tests", "Tests\Wist.BlockLattice.Core.Tests\Wist.BlockLattice.Core.Tests.csproj", "{D858400A-F1C0-4ACC-AAC6-64CFA3917A2E}"
EndProject
Project("{9A19103F-16F7-4668-BE54-9A1E7A4F7556}") = "Wist.Crypto", "Crypto\Wist.Crypto\Wist.Crypto.csproj", "{78DCDBFC-7FB0-4783-B172-C6043D6AA9DC}"
EndProject
Project("{FAE04EC0-301F-11D3-BF4B-00C04F79EFBC}") = "Wist.Node.Console", "Node\Wist.Node.Console\Wist.Node.Console.csproj", "{17FF27D9-81E6-4E26-96F6-6F2E24BE1066}"
EndProject
Project("{9A19103F-16F7-4668-BE54-9A1E7A4F7556}") = "CoreHashLib", "Crypto\HashLib\CoreHashLib\CoreHashLib.csproj", "{9D352643-DCF0-408F-9A11-65DC1D110E83}"
EndProject
Project("{2150E333-8FDC-42A3-9474-1A3956D46DE8}") = ".Snippets", ".Snippets", "{12533244-EA2E-4DC9-8EA3-D46E5D95DEB6}"
	ProjectSection(SolutionItems) = preProject
		Snippets\RegisterDefaultImplementation.snippet = Snippets\RegisterDefaultImplementation.snippet
		Snippets\RegisterExtensionSingleton.snippet = Snippets\RegisterExtensionSingleton.snippet
		Snippets\RegisterExtensionTransient.snippet = Snippets\RegisterExtensionTransient.snippet
	EndProjectSection
EndProject
Project("{2150E333-8FDC-42A3-9474-1A3956D46DE8}") = "[Solution Items]", "[Solution Items]", "{49503027-29D7-46D2-9C3B-3A2FFA89ECAB}"
	ProjectSection(SolutionItems) = preProject
		Bootstrap.md = Bootstrap.md
		General Packet Processing.png = General Packet Processing.png
		README.md = README.md
		Startup.md = Startup.md
		Wist Layers.png = Wist Layers.png
	EndProjectSection
EndProject
Project("{2150E333-8FDC-42A3-9474-1A3956D46DE8}") = "NodeSetup", "NodeSetup", "{68909DFF-2556-444A-867F-9A63B064E321}"
EndProject
Project("{FAE04EC0-301F-11D3-BF4B-00C04F79EFBC}") = "Wist.Setup.Simulation", "NodeSetup\Wist.Setup.Simulation\Wist.Setup.Simulation.csproj", "{08445408-D672-4899-93A6-40AF6CFEC8EC}"
EndProject
Project("{E53339B2-1760-4266-BCC7-CA923CBCF16C}") = "docker-compose", "docker-compose.dcproj", "{36C5AF33-B5A4-4579-AB5B-C67C5AB88A17}"
EndProject
Project("{2150E333-8FDC-42A3-9474-1A3956D46DE8}") = "Simulation", "Simulation", "{331366E8-AD5E-4671-A322-69E87AC551D1}"
EndProject
Project("{FAE04EC0-301F-11D3-BF4B-00C04F79EFBC}") = "Wist.Simulation.Load", "Simulation\Wist.Simulation.Load\Wist.Simulation.Load.csproj", "{5F8916CF-C5B0-425F-A48D-2ADE40926E38}"
EndProject
Project("{FAE04EC0-301F-11D3-BF4B-00C04F79EFBC}") = "Wist.Setup", "NodeSetup\Wist.Setup\Wist.Setup.csproj", "{0D039CB4-4FF9-4BC6-8BB3-DB6DD790F960}"
EndProject
Global
	GlobalSection(SolutionConfigurationPlatforms) = preSolution
		Debug|Any CPU = Debug|Any CPU
		Debug|x64 = Debug|x64
		Debug|x86 = Debug|x86
		Release|Any CPU = Release|Any CPU
		Release|x64 = Release|x64
		Release|x86 = Release|x86
	EndGlobalSection
	GlobalSection(ProjectConfigurationPlatforms) = postSolution
		{871F2FF0-B4F1-41F7-89FB-5A9207CDA75B}.Debug|Any CPU.ActiveCfg = Debug|Any CPU
		{871F2FF0-B4F1-41F7-89FB-5A9207CDA75B}.Debug|Any CPU.Build.0 = Debug|Any CPU
		{871F2FF0-B4F1-41F7-89FB-5A9207CDA75B}.Debug|x64.ActiveCfg = Debug|Any CPU
		{871F2FF0-B4F1-41F7-89FB-5A9207CDA75B}.Debug|x64.Build.0 = Debug|Any CPU
		{871F2FF0-B4F1-41F7-89FB-5A9207CDA75B}.Debug|x86.ActiveCfg = Debug|Any CPU
		{871F2FF0-B4F1-41F7-89FB-5A9207CDA75B}.Debug|x86.Build.0 = Debug|Any CPU
		{871F2FF0-B4F1-41F7-89FB-5A9207CDA75B}.Release|Any CPU.ActiveCfg = Release|Any CPU
		{871F2FF0-B4F1-41F7-89FB-5A9207CDA75B}.Release|Any CPU.Build.0 = Release|Any CPU
		{871F2FF0-B4F1-41F7-89FB-5A9207CDA75B}.Release|x64.ActiveCfg = Release|Any CPU
		{871F2FF0-B4F1-41F7-89FB-5A9207CDA75B}.Release|x64.Build.0 = Release|Any CPU
		{871F2FF0-B4F1-41F7-89FB-5A9207CDA75B}.Release|x86.ActiveCfg = Release|Any CPU
		{871F2FF0-B4F1-41F7-89FB-5A9207CDA75B}.Release|x86.Build.0 = Release|Any CPU
		{EC7E5756-C2F6-40A7-8F5B-C8740DF3A5A9}.Debug|Any CPU.ActiveCfg = Debug|Any CPU
		{EC7E5756-C2F6-40A7-8F5B-C8740DF3A5A9}.Debug|Any CPU.Build.0 = Debug|Any CPU
		{EC7E5756-C2F6-40A7-8F5B-C8740DF3A5A9}.Debug|x64.ActiveCfg = Debug|Any CPU
		{EC7E5756-C2F6-40A7-8F5B-C8740DF3A5A9}.Debug|x64.Build.0 = Debug|Any CPU
		{EC7E5756-C2F6-40A7-8F5B-C8740DF3A5A9}.Debug|x86.ActiveCfg = Debug|Any CPU
		{EC7E5756-C2F6-40A7-8F5B-C8740DF3A5A9}.Debug|x86.Build.0 = Debug|Any CPU
		{EC7E5756-C2F6-40A7-8F5B-C8740DF3A5A9}.Release|Any CPU.ActiveCfg = Release|Any CPU
		{EC7E5756-C2F6-40A7-8F5B-C8740DF3A5A9}.Release|Any CPU.Build.0 = Release|Any CPU
		{EC7E5756-C2F6-40A7-8F5B-C8740DF3A5A9}.Release|x64.ActiveCfg = Release|Any CPU
		{EC7E5756-C2F6-40A7-8F5B-C8740DF3A5A9}.Release|x64.Build.0 = Release|Any CPU
		{EC7E5756-C2F6-40A7-8F5B-C8740DF3A5A9}.Release|x86.ActiveCfg = Release|Any CPU
		{EC7E5756-C2F6-40A7-8F5B-C8740DF3A5A9}.Release|x86.Build.0 = Release|Any CPU
		{501D0FB4-B73C-475D-80F5-1F00BA459FAC}.Debug|Any CPU.ActiveCfg = Debug|Any CPU
		{501D0FB4-B73C-475D-80F5-1F00BA459FAC}.Debug|Any CPU.Build.0 = Debug|Any CPU
		{501D0FB4-B73C-475D-80F5-1F00BA459FAC}.Debug|x64.ActiveCfg = Debug|Any CPU
		{501D0FB4-B73C-475D-80F5-1F00BA459FAC}.Debug|x64.Build.0 = Debug|Any CPU
		{501D0FB4-B73C-475D-80F5-1F00BA459FAC}.Debug|x86.ActiveCfg = Debug|Any CPU
		{501D0FB4-B73C-475D-80F5-1F00BA459FAC}.Debug|x86.Build.0 = Debug|Any CPU
		{501D0FB4-B73C-475D-80F5-1F00BA459FAC}.Release|Any CPU.ActiveCfg = Release|Any CPU
		{501D0FB4-B73C-475D-80F5-1F00BA459FAC}.Release|Any CPU.Build.0 = Release|Any CPU
		{501D0FB4-B73C-475D-80F5-1F00BA459FAC}.Release|x64.ActiveCfg = Release|Any CPU
		{501D0FB4-B73C-475D-80F5-1F00BA459FAC}.Release|x64.Build.0 = Release|Any CPU
		{501D0FB4-B73C-475D-80F5-1F00BA459FAC}.Release|x86.ActiveCfg = Release|Any CPU
		{501D0FB4-B73C-475D-80F5-1F00BA459FAC}.Release|x86.Build.0 = Release|Any CPU
		{E4742514-9B5D-4463-BDEB-D035621C528C}.Debug|Any CPU.ActiveCfg = Debug|Any CPU
		{E4742514-9B5D-4463-BDEB-D035621C528C}.Debug|Any CPU.Build.0 = Debug|Any CPU
		{E4742514-9B5D-4463-BDEB-D035621C528C}.Debug|x64.ActiveCfg = Debug|Any CPU
		{E4742514-9B5D-4463-BDEB-D035621C528C}.Debug|x64.Build.0 = Debug|Any CPU
		{E4742514-9B5D-4463-BDEB-D035621C528C}.Debug|x86.ActiveCfg = Debug|Any CPU
		{E4742514-9B5D-4463-BDEB-D035621C528C}.Debug|x86.Build.0 = Debug|Any CPU
		{E4742514-9B5D-4463-BDEB-D035621C528C}.Release|Any CPU.ActiveCfg = Release|Any CPU
		{E4742514-9B5D-4463-BDEB-D035621C528C}.Release|Any CPU.Build.0 = Release|Any CPU
		{E4742514-9B5D-4463-BDEB-D035621C528C}.Release|x64.ActiveCfg = Release|Any CPU
		{E4742514-9B5D-4463-BDEB-D035621C528C}.Release|x64.Build.0 = Release|Any CPU
		{E4742514-9B5D-4463-BDEB-D035621C528C}.Release|x86.ActiveCfg = Release|Any CPU
		{E4742514-9B5D-4463-BDEB-D035621C528C}.Release|x86.Build.0 = Release|Any CPU
		{D50F9107-FC2E-44DF-ABAD-510CC70E2E54}.Debug|Any CPU.ActiveCfg = Debug|Any CPU
		{D50F9107-FC2E-44DF-ABAD-510CC70E2E54}.Debug|Any CPU.Build.0 = Debug|Any CPU
		{D50F9107-FC2E-44DF-ABAD-510CC70E2E54}.Debug|x64.ActiveCfg = Debug|Any CPU
		{D50F9107-FC2E-44DF-ABAD-510CC70E2E54}.Debug|x64.Build.0 = Debug|Any CPU
		{D50F9107-FC2E-44DF-ABAD-510CC70E2E54}.Debug|x86.ActiveCfg = Debug|Any CPU
		{D50F9107-FC2E-44DF-ABAD-510CC70E2E54}.Debug|x86.Build.0 = Debug|Any CPU
		{D50F9107-FC2E-44DF-ABAD-510CC70E2E54}.Release|Any CPU.ActiveCfg = Release|Any CPU
		{D50F9107-FC2E-44DF-ABAD-510CC70E2E54}.Release|Any CPU.Build.0 = Release|Any CPU
		{D50F9107-FC2E-44DF-ABAD-510CC70E2E54}.Release|x64.ActiveCfg = Release|Any CPU
		{D50F9107-FC2E-44DF-ABAD-510CC70E2E54}.Release|x64.Build.0 = Release|Any CPU
		{D50F9107-FC2E-44DF-ABAD-510CC70E2E54}.Release|x86.ActiveCfg = Release|Any CPU
		{D50F9107-FC2E-44DF-ABAD-510CC70E2E54}.Release|x86.Build.0 = Release|Any CPU
		{A88CE212-6EE8-4F77-A5FC-6E4D02A91F6A}.Debug|Any CPU.ActiveCfg = Debug|Any CPU
		{A88CE212-6EE8-4F77-A5FC-6E4D02A91F6A}.Debug|Any CPU.Build.0 = Debug|Any CPU
		{A88CE212-6EE8-4F77-A5FC-6E4D02A91F6A}.Debug|x64.ActiveCfg = Debug|Any CPU
		{A88CE212-6EE8-4F77-A5FC-6E4D02A91F6A}.Debug|x64.Build.0 = Debug|Any CPU
		{A88CE212-6EE8-4F77-A5FC-6E4D02A91F6A}.Debug|x86.ActiveCfg = Debug|Any CPU
		{A88CE212-6EE8-4F77-A5FC-6E4D02A91F6A}.Debug|x86.Build.0 = Debug|Any CPU
		{A88CE212-6EE8-4F77-A5FC-6E4D02A91F6A}.Release|Any CPU.ActiveCfg = Release|Any CPU
		{A88CE212-6EE8-4F77-A5FC-6E4D02A91F6A}.Release|Any CPU.Build.0 = Release|Any CPU
		{A88CE212-6EE8-4F77-A5FC-6E4D02A91F6A}.Release|x64.ActiveCfg = Release|Any CPU
		{A88CE212-6EE8-4F77-A5FC-6E4D02A91F6A}.Release|x64.Build.0 = Release|Any CPU
		{A88CE212-6EE8-4F77-A5FC-6E4D02A91F6A}.Release|x86.ActiveCfg = Release|Any CPU
		{A88CE212-6EE8-4F77-A5FC-6E4D02A91F6A}.Release|x86.Build.0 = Release|Any CPU
		{79953FDF-C430-474C-802F-A7EDC3FD2B7E}.Debug|Any CPU.ActiveCfg = Debug|Any CPU
		{79953FDF-C430-474C-802F-A7EDC3FD2B7E}.Debug|Any CPU.Build.0 = Debug|Any CPU
		{79953FDF-C430-474C-802F-A7EDC3FD2B7E}.Debug|x64.ActiveCfg = Debug|Any CPU
		{79953FDF-C430-474C-802F-A7EDC3FD2B7E}.Debug|x64.Build.0 = Debug|Any CPU
		{79953FDF-C430-474C-802F-A7EDC3FD2B7E}.Debug|x86.ActiveCfg = Debug|Any CPU
		{79953FDF-C430-474C-802F-A7EDC3FD2B7E}.Debug|x86.Build.0 = Debug|Any CPU
		{79953FDF-C430-474C-802F-A7EDC3FD2B7E}.Release|Any CPU.ActiveCfg = Release|Any CPU
		{79953FDF-C430-474C-802F-A7EDC3FD2B7E}.Release|Any CPU.Build.0 = Release|Any CPU
		{79953FDF-C430-474C-802F-A7EDC3FD2B7E}.Release|x64.ActiveCfg = Release|Any CPU
		{79953FDF-C430-474C-802F-A7EDC3FD2B7E}.Release|x64.Build.0 = Release|Any CPU
		{79953FDF-C430-474C-802F-A7EDC3FD2B7E}.Release|x86.ActiveCfg = Release|Any CPU
		{79953FDF-C430-474C-802F-A7EDC3FD2B7E}.Release|x86.Build.0 = Release|Any CPU
		{D3E3B9B5-54A4-4F30-BCC3-121FFC182402}.Debug|Any CPU.ActiveCfg = Debug|Any CPU
		{D3E3B9B5-54A4-4F30-BCC3-121FFC182402}.Debug|Any CPU.Build.0 = Debug|Any CPU
		{D3E3B9B5-54A4-4F30-BCC3-121FFC182402}.Debug|x64.ActiveCfg = Debug|Any CPU
		{D3E3B9B5-54A4-4F30-BCC3-121FFC182402}.Debug|x64.Build.0 = Debug|Any CPU
		{D3E3B9B5-54A4-4F30-BCC3-121FFC182402}.Debug|x86.ActiveCfg = Debug|Any CPU
		{D3E3B9B5-54A4-4F30-BCC3-121FFC182402}.Debug|x86.Build.0 = Debug|Any CPU
		{D3E3B9B5-54A4-4F30-BCC3-121FFC182402}.Release|Any CPU.ActiveCfg = Release|Any CPU
		{D3E3B9B5-54A4-4F30-BCC3-121FFC182402}.Release|Any CPU.Build.0 = Release|Any CPU
		{D3E3B9B5-54A4-4F30-BCC3-121FFC182402}.Release|x64.ActiveCfg = Release|Any CPU
		{D3E3B9B5-54A4-4F30-BCC3-121FFC182402}.Release|x64.Build.0 = Release|Any CPU
		{D3E3B9B5-54A4-4F30-BCC3-121FFC182402}.Release|x86.ActiveCfg = Release|Any CPU
		{D3E3B9B5-54A4-4F30-BCC3-121FFC182402}.Release|x86.Build.0 = Release|Any CPU
		{C00D10B5-3641-487F-9CBD-F7E8A0890112}.Debug|Any CPU.ActiveCfg = Debug|Any CPU
		{C00D10B5-3641-487F-9CBD-F7E8A0890112}.Debug|Any CPU.Build.0 = Debug|Any CPU
		{C00D10B5-3641-487F-9CBD-F7E8A0890112}.Debug|x64.ActiveCfg = Debug|Any CPU
		{C00D10B5-3641-487F-9CBD-F7E8A0890112}.Debug|x64.Build.0 = Debug|Any CPU
		{C00D10B5-3641-487F-9CBD-F7E8A0890112}.Debug|x86.ActiveCfg = Debug|Any CPU
		{C00D10B5-3641-487F-9CBD-F7E8A0890112}.Debug|x86.Build.0 = Debug|Any CPU
		{C00D10B5-3641-487F-9CBD-F7E8A0890112}.Release|Any CPU.ActiveCfg = Release|Any CPU
		{C00D10B5-3641-487F-9CBD-F7E8A0890112}.Release|Any CPU.Build.0 = Release|Any CPU
		{C00D10B5-3641-487F-9CBD-F7E8A0890112}.Release|x64.ActiveCfg = Release|Any CPU
		{C00D10B5-3641-487F-9CBD-F7E8A0890112}.Release|x64.Build.0 = Release|Any CPU
		{C00D10B5-3641-487F-9CBD-F7E8A0890112}.Release|x86.ActiveCfg = Release|Any CPU
		{C00D10B5-3641-487F-9CBD-F7E8A0890112}.Release|x86.Build.0 = Release|Any CPU
		{8F9EB526-5E94-47FC-9FDA-A8D743CA2B1E}.Debug|Any CPU.ActiveCfg = Debug|Any CPU
		{8F9EB526-5E94-47FC-9FDA-A8D743CA2B1E}.Debug|Any CPU.Build.0 = Debug|Any CPU
		{8F9EB526-5E94-47FC-9FDA-A8D743CA2B1E}.Debug|x64.ActiveCfg = Debug|Any CPU
		{8F9EB526-5E94-47FC-9FDA-A8D743CA2B1E}.Debug|x64.Build.0 = Debug|Any CPU
		{8F9EB526-5E94-47FC-9FDA-A8D743CA2B1E}.Debug|x86.ActiveCfg = Debug|Any CPU
		{8F9EB526-5E94-47FC-9FDA-A8D743CA2B1E}.Debug|x86.Build.0 = Debug|Any CPU
		{8F9EB526-5E94-47FC-9FDA-A8D743CA2B1E}.Release|Any CPU.ActiveCfg = Release|Any CPU
		{8F9EB526-5E94-47FC-9FDA-A8D743CA2B1E}.Release|Any CPU.Build.0 = Release|Any CPU
		{8F9EB526-5E94-47FC-9FDA-A8D743CA2B1E}.Release|x64.ActiveCfg = Release|Any CPU
		{8F9EB526-5E94-47FC-9FDA-A8D743CA2B1E}.Release|x64.Build.0 = Release|Any CPU
		{8F9EB526-5E94-47FC-9FDA-A8D743CA2B1E}.Release|x86.ActiveCfg = Release|Any CPU
		{8F9EB526-5E94-47FC-9FDA-A8D743CA2B1E}.Release|x86.Build.0 = Release|Any CPU
		{59DB939E-42CA-4995-A03B-30B71925887D}.Debug|Any CPU.ActiveCfg = Debug|Any CPU
		{59DB939E-42CA-4995-A03B-30B71925887D}.Debug|Any CPU.Build.0 = Debug|Any CPU
		{59DB939E-42CA-4995-A03B-30B71925887D}.Debug|x64.ActiveCfg = Debug|Any CPU
		{59DB939E-42CA-4995-A03B-30B71925887D}.Debug|x64.Build.0 = Debug|Any CPU
		{59DB939E-42CA-4995-A03B-30B71925887D}.Debug|x86.ActiveCfg = Debug|Any CPU
		{59DB939E-42CA-4995-A03B-30B71925887D}.Debug|x86.Build.0 = Debug|Any CPU
		{59DB939E-42CA-4995-A03B-30B71925887D}.Release|Any CPU.ActiveCfg = Release|Any CPU
		{59DB939E-42CA-4995-A03B-30B71925887D}.Release|Any CPU.Build.0 = Release|Any CPU
		{59DB939E-42CA-4995-A03B-30B71925887D}.Release|x64.ActiveCfg = Release|Any CPU
		{59DB939E-42CA-4995-A03B-30B71925887D}.Release|x64.Build.0 = Release|Any CPU
		{59DB939E-42CA-4995-A03B-30B71925887D}.Release|x86.ActiveCfg = Release|Any CPU
		{59DB939E-42CA-4995-A03B-30B71925887D}.Release|x86.Build.0 = Release|Any CPU
		{D858400A-F1C0-4ACC-AAC6-64CFA3917A2E}.Debug|Any CPU.ActiveCfg = Debug|Any CPU
		{D858400A-F1C0-4ACC-AAC6-64CFA3917A2E}.Debug|Any CPU.Build.0 = Debug|Any CPU
		{D858400A-F1C0-4ACC-AAC6-64CFA3917A2E}.Debug|x64.ActiveCfg = Debug|Any CPU
		{D858400A-F1C0-4ACC-AAC6-64CFA3917A2E}.Debug|x64.Build.0 = Debug|Any CPU
		{D858400A-F1C0-4ACC-AAC6-64CFA3917A2E}.Debug|x86.ActiveCfg = Debug|Any CPU
		{D858400A-F1C0-4ACC-AAC6-64CFA3917A2E}.Debug|x86.Build.0 = Debug|Any CPU
		{D858400A-F1C0-4ACC-AAC6-64CFA3917A2E}.Release|Any CPU.ActiveCfg = Release|Any CPU
		{D858400A-F1C0-4ACC-AAC6-64CFA3917A2E}.Release|Any CPU.Build.0 = Release|Any CPU
		{D858400A-F1C0-4ACC-AAC6-64CFA3917A2E}.Release|x64.ActiveCfg = Release|Any CPU
		{D858400A-F1C0-4ACC-AAC6-64CFA3917A2E}.Release|x64.Build.0 = Release|Any CPU
		{D858400A-F1C0-4ACC-AAC6-64CFA3917A2E}.Release|x86.ActiveCfg = Release|Any CPU
		{D858400A-F1C0-4ACC-AAC6-64CFA3917A2E}.Release|x86.Build.0 = Release|Any CPU
		{78DCDBFC-7FB0-4783-B172-C6043D6AA9DC}.Debug|Any CPU.ActiveCfg = Debug|Any CPU
		{78DCDBFC-7FB0-4783-B172-C6043D6AA9DC}.Debug|Any CPU.Build.0 = Debug|Any CPU
		{78DCDBFC-7FB0-4783-B172-C6043D6AA9DC}.Debug|x64.ActiveCfg = Debug|Any CPU
		{78DCDBFC-7FB0-4783-B172-C6043D6AA9DC}.Debug|x64.Build.0 = Debug|Any CPU
		{78DCDBFC-7FB0-4783-B172-C6043D6AA9DC}.Debug|x86.ActiveCfg = Debug|Any CPU
		{78DCDBFC-7FB0-4783-B172-C6043D6AA9DC}.Debug|x86.Build.0 = Debug|Any CPU
		{78DCDBFC-7FB0-4783-B172-C6043D6AA9DC}.Release|Any CPU.ActiveCfg = Release|Any CPU
		{78DCDBFC-7FB0-4783-B172-C6043D6AA9DC}.Release|Any CPU.Build.0 = Release|Any CPU
		{78DCDBFC-7FB0-4783-B172-C6043D6AA9DC}.Release|x64.ActiveCfg = Release|Any CPU
		{78DCDBFC-7FB0-4783-B172-C6043D6AA9DC}.Release|x64.Build.0 = Release|Any CPU
		{78DCDBFC-7FB0-4783-B172-C6043D6AA9DC}.Release|x86.ActiveCfg = Release|Any CPU
		{78DCDBFC-7FB0-4783-B172-C6043D6AA9DC}.Release|x86.Build.0 = Release|Any CPU
		{17FF27D9-81E6-4E26-96F6-6F2E24BE1066}.Debug|Any CPU.ActiveCfg = Debug|Any CPU
		{17FF27D9-81E6-4E26-96F6-6F2E24BE1066}.Debug|Any CPU.Build.0 = Debug|Any CPU
		{17FF27D9-81E6-4E26-96F6-6F2E24BE1066}.Debug|x64.ActiveCfg = Debug|Any CPU
		{17FF27D9-81E6-4E26-96F6-6F2E24BE1066}.Debug|x64.Build.0 = Debug|Any CPU
		{17FF27D9-81E6-4E26-96F6-6F2E24BE1066}.Debug|x86.ActiveCfg = Debug|Any CPU
		{17FF27D9-81E6-4E26-96F6-6F2E24BE1066}.Debug|x86.Build.0 = Debug|Any CPU
		{17FF27D9-81E6-4E26-96F6-6F2E24BE1066}.Release|Any CPU.ActiveCfg = Release|Any CPU
		{17FF27D9-81E6-4E26-96F6-6F2E24BE1066}.Release|Any CPU.Build.0 = Release|Any CPU
		{17FF27D9-81E6-4E26-96F6-6F2E24BE1066}.Release|x64.ActiveCfg = Release|Any CPU
		{17FF27D9-81E6-4E26-96F6-6F2E24BE1066}.Release|x64.Build.0 = Release|Any CPU
		{17FF27D9-81E6-4E26-96F6-6F2E24BE1066}.Release|x86.ActiveCfg = Release|Any CPU
		{17FF27D9-81E6-4E26-96F6-6F2E24BE1066}.Release|x86.Build.0 = Release|Any CPU
		{9D352643-DCF0-408F-9A11-65DC1D110E83}.Debug|Any CPU.ActiveCfg = Debug|Any CPU
		{9D352643-DCF0-408F-9A11-65DC1D110E83}.Debug|Any CPU.Build.0 = Debug|Any CPU
		{9D352643-DCF0-408F-9A11-65DC1D110E83}.Debug|x64.ActiveCfg = Debug|Any CPU
		{9D352643-DCF0-408F-9A11-65DC1D110E83}.Debug|x64.Build.0 = Debug|Any CPU
		{9D352643-DCF0-408F-9A11-65DC1D110E83}.Debug|x86.ActiveCfg = Debug|Any CPU
		{9D352643-DCF0-408F-9A11-65DC1D110E83}.Debug|x86.Build.0 = Debug|Any CPU
		{9D352643-DCF0-408F-9A11-65DC1D110E83}.Release|Any CPU.ActiveCfg = Release|Any CPU
		{9D352643-DCF0-408F-9A11-65DC1D110E83}.Release|Any CPU.Build.0 = Release|Any CPU
		{9D352643-DCF0-408F-9A11-65DC1D110E83}.Release|x64.ActiveCfg = Release|Any CPU
		{9D352643-DCF0-408F-9A11-65DC1D110E83}.Release|x64.Build.0 = Release|Any CPU
		{9D352643-DCF0-408F-9A11-65DC1D110E83}.Release|x86.ActiveCfg = Release|Any CPU
		{9D352643-DCF0-408F-9A11-65DC1D110E83}.Release|x86.Build.0 = Release|Any CPU
		{08445408-D672-4899-93A6-40AF6CFEC8EC}.Debug|Any CPU.ActiveCfg = Debug|Any CPU
		{08445408-D672-4899-93A6-40AF6CFEC8EC}.Debug|Any CPU.Build.0 = Debug|Any CPU
		{08445408-D672-4899-93A6-40AF6CFEC8EC}.Debug|x64.ActiveCfg = Debug|Any CPU
		{08445408-D672-4899-93A6-40AF6CFEC8EC}.Debug|x64.Build.0 = Debug|Any CPU
		{08445408-D672-4899-93A6-40AF6CFEC8EC}.Debug|x86.ActiveCfg = Debug|Any CPU
		{08445408-D672-4899-93A6-40AF6CFEC8EC}.Debug|x86.Build.0 = Debug|Any CPU
		{08445408-D672-4899-93A6-40AF6CFEC8EC}.Release|Any CPU.ActiveCfg = Release|Any CPU
		{08445408-D672-4899-93A6-40AF6CFEC8EC}.Release|Any CPU.Build.0 = Release|Any CPU
		{08445408-D672-4899-93A6-40AF6CFEC8EC}.Release|x64.ActiveCfg = Release|Any CPU
		{08445408-D672-4899-93A6-40AF6CFEC8EC}.Release|x64.Build.0 = Release|Any CPU
		{08445408-D672-4899-93A6-40AF6CFEC8EC}.Release|x86.ActiveCfg = Release|Any CPU
		{08445408-D672-4899-93A6-40AF6CFEC8EC}.Release|x86.Build.0 = Release|Any CPU
		{36C5AF33-B5A4-4579-AB5B-C67C5AB88A17}.Debug|Any CPU.ActiveCfg = Debug|Any CPU
		{36C5AF33-B5A4-4579-AB5B-C67C5AB88A17}.Debug|Any CPU.Build.0 = Debug|Any CPU
		{36C5AF33-B5A4-4579-AB5B-C67C5AB88A17}.Debug|x64.ActiveCfg = Debug|Any CPU
		{36C5AF33-B5A4-4579-AB5B-C67C5AB88A17}.Debug|x64.Build.0 = Debug|Any CPU
		{36C5AF33-B5A4-4579-AB5B-C67C5AB88A17}.Debug|x86.ActiveCfg = Debug|Any CPU
		{36C5AF33-B5A4-4579-AB5B-C67C5AB88A17}.Debug|x86.Build.0 = Debug|Any CPU
		{36C5AF33-B5A4-4579-AB5B-C67C5AB88A17}.Release|Any CPU.ActiveCfg = Release|Any CPU
		{36C5AF33-B5A4-4579-AB5B-C67C5AB88A17}.Release|Any CPU.Build.0 = Release|Any CPU
		{36C5AF33-B5A4-4579-AB5B-C67C5AB88A17}.Release|x64.ActiveCfg = Release|Any CPU
		{36C5AF33-B5A4-4579-AB5B-C67C5AB88A17}.Release|x64.Build.0 = Release|Any CPU
		{36C5AF33-B5A4-4579-AB5B-C67C5AB88A17}.Release|x86.ActiveCfg = Release|Any CPU
		{36C5AF33-B5A4-4579-AB5B-C67C5AB88A17}.Release|x86.Build.0 = Release|Any CPU
		{5F8916CF-C5B0-425F-A48D-2ADE40926E38}.Debug|Any CPU.ActiveCfg = Debug|Any CPU
		{5F8916CF-C5B0-425F-A48D-2ADE40926E38}.Debug|Any CPU.Build.0 = Debug|Any CPU
		{5F8916CF-C5B0-425F-A48D-2ADE40926E38}.Debug|x64.ActiveCfg = Debug|Any CPU
		{5F8916CF-C5B0-425F-A48D-2ADE40926E38}.Debug|x64.Build.0 = Debug|Any CPU
		{5F8916CF-C5B0-425F-A48D-2ADE40926E38}.Debug|x86.ActiveCfg = Debug|Any CPU
		{5F8916CF-C5B0-425F-A48D-2ADE40926E38}.Debug|x86.Build.0 = Debug|Any CPU
		{5F8916CF-C5B0-425F-A48D-2ADE40926E38}.Release|Any CPU.ActiveCfg = Release|Any CPU
		{5F8916CF-C5B0-425F-A48D-2ADE40926E38}.Release|Any CPU.Build.0 = Release|Any CPU
		{5F8916CF-C5B0-425F-A48D-2ADE40926E38}.Release|x64.ActiveCfg = Release|Any CPU
		{5F8916CF-C5B0-425F-A48D-2ADE40926E38}.Release|x64.Build.0 = Release|Any CPU
		{5F8916CF-C5B0-425F-A48D-2ADE40926E38}.Release|x86.ActiveCfg = Release|Any CPU
		{5F8916CF-C5B0-425F-A48D-2ADE40926E38}.Release|x86.Build.0 = Release|Any CPU
		{0D039CB4-4FF9-4BC6-8BB3-DB6DD790F960}.Debug|Any CPU.ActiveCfg = Debug|Any CPU
		{0D039CB4-4FF9-4BC6-8BB3-DB6DD790F960}.Debug|Any CPU.Build.0 = Debug|Any CPU
		{0D039CB4-4FF9-4BC6-8BB3-DB6DD790F960}.Debug|x64.ActiveCfg = Debug|Any CPU
		{0D039CB4-4FF9-4BC6-8BB3-DB6DD790F960}.Debug|x64.Build.0 = Debug|Any CPU
		{0D039CB4-4FF9-4BC6-8BB3-DB6DD790F960}.Debug|x86.ActiveCfg = Debug|Any CPU
		{0D039CB4-4FF9-4BC6-8BB3-DB6DD790F960}.Debug|x86.Build.0 = Debug|Any CPU
		{0D039CB4-4FF9-4BC6-8BB3-DB6DD790F960}.Release|Any CPU.ActiveCfg = Release|Any CPU
		{0D039CB4-4FF9-4BC6-8BB3-DB6DD790F960}.Release|Any CPU.Build.0 = Release|Any CPU
		{0D039CB4-4FF9-4BC6-8BB3-DB6DD790F960}.Release|x64.ActiveCfg = Release|Any CPU
		{0D039CB4-4FF9-4BC6-8BB3-DB6DD790F960}.Release|x64.Build.0 = Release|Any CPU
		{0D039CB4-4FF9-4BC6-8BB3-DB6DD790F960}.Release|x86.ActiveCfg = Release|Any CPU
		{0D039CB4-4FF9-4BC6-8BB3-DB6DD790F960}.Release|x86.Build.0 = Release|Any CPU
	EndGlobalSection
	GlobalSection(SolutionProperties) = preSolution
		HideSolutionNode = FALSE
	EndGlobalSection
	GlobalSection(NestedProjects) = preSolution
		{871F2FF0-B4F1-41F7-89FB-5A9207CDA75B} = {8A23DE96-663C-4F8A-AD76-93A8A1F09EBE}
		{501D0FB4-B73C-475D-80F5-1F00BA459FAC} = {A80B47B4-9389-4348-8645-FFC17974D5EF}
		{E4742514-9B5D-4463-BDEB-D035621C528C} = {A80B47B4-9389-4348-8645-FFC17974D5EF}
		{D50F9107-FC2E-44DF-ABAD-510CC70E2E54} = {1E89ACFB-CB40-4666-8246-5378DC3EB058}
		{A88CE212-6EE8-4F77-A5FC-6E4D02A91F6A} = {7EAABD3F-EDFD-4E08-B9AC-4F28F17C3CD6}
		{79953FDF-C430-474C-802F-A7EDC3FD2B7E} = {FC085ED7-E813-480A-A197-5ECE13BBF9DB}
		{D3E3B9B5-54A4-4F30-BCC3-121FFC182402} = {7EAABD3F-EDFD-4E08-B9AC-4F28F17C3CD6}
		{C00D10B5-3641-487F-9CBD-F7E8A0890112} = {7EAABD3F-EDFD-4E08-B9AC-4F28F17C3CD6}
		{8F9EB526-5E94-47FC-9FDA-A8D743CA2B1E} = {FC085ED7-E813-480A-A197-5ECE13BBF9DB}
		{59DB939E-42CA-4995-A03B-30B71925887D} = {A80B47B4-9389-4348-8645-FFC17974D5EF}
		{D858400A-F1C0-4ACC-AAC6-64CFA3917A2E} = {A80B47B4-9389-4348-8645-FFC17974D5EF}
		{78DCDBFC-7FB0-4783-B172-C6043D6AA9DC} = {1E89ACFB-CB40-4666-8246-5378DC3EB058}
		{17FF27D9-81E6-4E26-96F6-6F2E24BE1066} = {FC085ED7-E813-480A-A197-5ECE13BBF9DB}
		{9D352643-DCF0-408F-9A11-65DC1D110E83} = {1E89ACFB-CB40-4666-8246-5378DC3EB058}
		{08445408-D672-4899-93A6-40AF6CFEC8EC} = {68909DFF-2556-444A-867F-9A63B064E321}
		{5F8916CF-C5B0-425F-A48D-2ADE40926E38} = {331366E8-AD5E-4671-A322-69E87AC551D1}
		{0D039CB4-4FF9-4BC6-8BB3-DB6DD790F960} = {68909DFF-2556-444A-867F-9A63B064E321}
	EndGlobalSection
	GlobalSection(ExtensibilityGlobals) = postSolution
		SolutionGuid = {7EB9BA20-4E24-4DF9-871A-597326B66D91}
	EndGlobalSection
EndGlobal
