
Microsoft Visual Studio Solution File, Format Version 12.00
# Visual Studio 15
VisualStudioVersion = 15.0.27703.2000
MinimumVisualStudioVersion = 10.0.40219.1
Project("{FAE04EC0-301F-11D3-BF4B-00C04F79EFBC}") = "WistWallet.Android", "WistWallet\WistWallet.Android\WistWallet.Android.csproj", "{8B4F82D3-91E2-4F12-85DB-D6E0BF15D1F5}"
EndProject
Project("{FAE04EC0-301F-11D3-BF4B-00C04F79EFBC}") = "WistWallet.iOS", "WistWallet\WistWallet.iOS\WistWallet.iOS.csproj", "{DD2B7448-C325-4FB7-B208-1F46C6ABBC5B}"
EndProject
Project("{9A19103F-16F7-4668-BE54-9A1E7A4F7556}") = "WistWallet.Base", "WistWallet\WistWallet.Base\WistWallet.Base.csproj", "{1CCF0276-5D8D-4B93-BC79-F0C812A3E7BB}"
EndProject
Project("{FAE04EC0-301F-11D3-BF4B-00C04F79EFBC}") = "WistWallet.WPF", "WistWallet\WistWallet.WPF\WistWallet.WPF.csproj", "{03FCBF16-EDF2-45F7-9625-D7615C6A628D}"
EndProject
Project("{9A19103F-16F7-4668-BE54-9A1E7A4F7556}") = "WistWallet.Base.Mobile", "WistWallet.Base.Mobile\WistWallet.Base.Mobile.csproj", "{7F815941-2000-41C6-8CF2-808E9781E670}"
EndProject
Project("{9A19103F-16F7-4668-BE54-9A1E7A4F7556}") = "Wist.Client.Common", "..\Wist.Client\Wist.Client.Common\Wist.Client.Common.csproj", "{857A3632-C37C-4539-83C5-C3C2AE581674}"
EndProject
Global
	GlobalSection(SolutionConfigurationPlatforms) = preSolution
		Debug|Any CPU = Debug|Any CPU
		Debug|iPhone = Debug|iPhone
		Debug|iPhoneSimulator = Debug|iPhoneSimulator
		Release|Any CPU = Release|Any CPU
		Release|iPhone = Release|iPhone
		Release|iPhoneSimulator = Release|iPhoneSimulator
	EndGlobalSection
	GlobalSection(ProjectConfigurationPlatforms) = postSolution
		{8B4F82D3-91E2-4F12-85DB-D6E0BF15D1F5}.Debug|Any CPU.ActiveCfg = Debug|Any CPU
		{8B4F82D3-91E2-4F12-85DB-D6E0BF15D1F5}.Debug|Any CPU.Build.0 = Debug|Any CPU
		{8B4F82D3-91E2-4F12-85DB-D6E0BF15D1F5}.Debug|Any CPU.Deploy.0 = Debug|Any CPU
		{8B4F82D3-91E2-4F12-85DB-D6E0BF15D1F5}.Debug|iPhone.ActiveCfg = Debug|Any CPU
		{8B4F82D3-91E2-4F12-85DB-D6E0BF15D1F5}.Debug|iPhone.Build.0 = Debug|Any CPU
		{8B4F82D3-91E2-4F12-85DB-D6E0BF15D1F5}.Debug|iPhone.Deploy.0 = Debug|Any CPU
		{8B4F82D3-91E2-4F12-85DB-D6E0BF15D1F5}.Debug|iPhoneSimulator.ActiveCfg = Debug|Any CPU
		{8B4F82D3-91E2-4F12-85DB-D6E0BF15D1F5}.Debug|iPhoneSimulator.Build.0 = Debug|Any CPU
		{8B4F82D3-91E2-4F12-85DB-D6E0BF15D1F5}.Debug|iPhoneSimulator.Deploy.0 = Debug|Any CPU
		{8B4F82D3-91E2-4F12-85DB-D6E0BF15D1F5}.Release|Any CPU.ActiveCfg = Release|Any CPU
		{8B4F82D3-91E2-4F12-85DB-D6E0BF15D1F5}.Release|Any CPU.Build.0 = Release|Any CPU
		{8B4F82D3-91E2-4F12-85DB-D6E0BF15D1F5}.Release|Any CPU.Deploy.0 = Release|Any CPU
		{8B4F82D3-91E2-4F12-85DB-D6E0BF15D1F5}.Release|iPhone.ActiveCfg = Release|Any CPU
		{8B4F82D3-91E2-4F12-85DB-D6E0BF15D1F5}.Release|iPhone.Build.0 = Release|Any CPU
		{8B4F82D3-91E2-4F12-85DB-D6E0BF15D1F5}.Release|iPhone.Deploy.0 = Release|Any CPU
		{8B4F82D3-91E2-4F12-85DB-D6E0BF15D1F5}.Release|iPhoneSimulator.ActiveCfg = Release|Any CPU
		{8B4F82D3-91E2-4F12-85DB-D6E0BF15D1F5}.Release|iPhoneSimulator.Build.0 = Release|Any CPU
		{8B4F82D3-91E2-4F12-85DB-D6E0BF15D1F5}.Release|iPhoneSimulator.Deploy.0 = Release|Any CPU
		{DD2B7448-C325-4FB7-B208-1F46C6ABBC5B}.Debug|Any CPU.ActiveCfg = Debug|iPhoneSimulator
		{DD2B7448-C325-4FB7-B208-1F46C6ABBC5B}.Debug|Any CPU.Build.0 = Debug|iPhoneSimulator
		{DD2B7448-C325-4FB7-B208-1F46C6ABBC5B}.Debug|Any CPU.Deploy.0 = Debug|iPhoneSimulator
		{DD2B7448-C325-4FB7-B208-1F46C6ABBC5B}.Debug|iPhone.ActiveCfg = Debug|iPhone
		{DD2B7448-C325-4FB7-B208-1F46C6ABBC5B}.Debug|iPhone.Build.0 = Debug|iPhone
		{DD2B7448-C325-4FB7-B208-1F46C6ABBC5B}.Debug|iPhone.Deploy.0 = Debug|iPhone
		{DD2B7448-C325-4FB7-B208-1F46C6ABBC5B}.Debug|iPhoneSimulator.ActiveCfg = Debug|iPhoneSimulator
		{DD2B7448-C325-4FB7-B208-1F46C6ABBC5B}.Debug|iPhoneSimulator.Build.0 = Debug|iPhoneSimulator
		{DD2B7448-C325-4FB7-B208-1F46C6ABBC5B}.Debug|iPhoneSimulator.Deploy.0 = Debug|iPhoneSimulator
		{DD2B7448-C325-4FB7-B208-1F46C6ABBC5B}.Release|Any CPU.ActiveCfg = Release|iPhone
		{DD2B7448-C325-4FB7-B208-1F46C6ABBC5B}.Release|Any CPU.Build.0 = Release|iPhone
		{DD2B7448-C325-4FB7-B208-1F46C6ABBC5B}.Release|Any CPU.Deploy.0 = Release|iPhone
		{DD2B7448-C325-4FB7-B208-1F46C6ABBC5B}.Release|iPhone.ActiveCfg = Release|iPhone
		{DD2B7448-C325-4FB7-B208-1F46C6ABBC5B}.Release|iPhone.Build.0 = Release|iPhone
		{DD2B7448-C325-4FB7-B208-1F46C6ABBC5B}.Release|iPhone.Deploy.0 = Release|iPhone
		{DD2B7448-C325-4FB7-B208-1F46C6ABBC5B}.Release|iPhoneSimulator.ActiveCfg = Release|iPhoneSimulator
		{DD2B7448-C325-4FB7-B208-1F46C6ABBC5B}.Release|iPhoneSimulator.Build.0 = Release|iPhoneSimulator
		{DD2B7448-C325-4FB7-B208-1F46C6ABBC5B}.Release|iPhoneSimulator.Deploy.0 = Release|iPhoneSimulator
		{1CCF0276-5D8D-4B93-BC79-F0C812A3E7BB}.Debug|Any CPU.ActiveCfg = Debug|Any CPU
		{1CCF0276-5D8D-4B93-BC79-F0C812A3E7BB}.Debug|Any CPU.Build.0 = Debug|Any CPU
		{1CCF0276-5D8D-4B93-BC79-F0C812A3E7BB}.Debug|iPhone.ActiveCfg = Debug|Any CPU
		{1CCF0276-5D8D-4B93-BC79-F0C812A3E7BB}.Debug|iPhone.Build.0 = Debug|Any CPU
		{1CCF0276-5D8D-4B93-BC79-F0C812A3E7BB}.Debug|iPhoneSimulator.ActiveCfg = Debug|Any CPU
		{1CCF0276-5D8D-4B93-BC79-F0C812A3E7BB}.Debug|iPhoneSimulator.Build.0 = Debug|Any CPU
		{1CCF0276-5D8D-4B93-BC79-F0C812A3E7BB}.Release|Any CPU.ActiveCfg = Release|Any CPU
		{1CCF0276-5D8D-4B93-BC79-F0C812A3E7BB}.Release|Any CPU.Build.0 = Release|Any CPU
		{1CCF0276-5D8D-4B93-BC79-F0C812A3E7BB}.Release|iPhone.ActiveCfg = Release|Any CPU
		{1CCF0276-5D8D-4B93-BC79-F0C812A3E7BB}.Release|iPhone.Build.0 = Release|Any CPU
		{1CCF0276-5D8D-4B93-BC79-F0C812A3E7BB}.Release|iPhoneSimulator.ActiveCfg = Release|Any CPU
		{1CCF0276-5D8D-4B93-BC79-F0C812A3E7BB}.Release|iPhoneSimulator.Build.0 = Release|Any CPU
		{03FCBF16-EDF2-45F7-9625-D7615C6A628D}.Debug|Any CPU.ActiveCfg = Debug|Any CPU
		{03FCBF16-EDF2-45F7-9625-D7615C6A628D}.Debug|Any CPU.Build.0 = Debug|Any CPU
		{03FCBF16-EDF2-45F7-9625-D7615C6A628D}.Debug|iPhone.ActiveCfg = Debug|Any CPU
		{03FCBF16-EDF2-45F7-9625-D7615C6A628D}.Debug|iPhone.Build.0 = Debug|Any CPU
		{03FCBF16-EDF2-45F7-9625-D7615C6A628D}.Debug|iPhoneSimulator.ActiveCfg = Debug|Any CPU
		{03FCBF16-EDF2-45F7-9625-D7615C6A628D}.Debug|iPhoneSimulator.Build.0 = Debug|Any CPU
		{03FCBF16-EDF2-45F7-9625-D7615C6A628D}.Release|Any CPU.ActiveCfg = Release|Any CPU
		{03FCBF16-EDF2-45F7-9625-D7615C6A628D}.Release|Any CPU.Build.0 = Release|Any CPU
		{03FCBF16-EDF2-45F7-9625-D7615C6A628D}.Release|iPhone.ActiveCfg = Release|Any CPU
		{03FCBF16-EDF2-45F7-9625-D7615C6A628D}.Release|iPhone.Build.0 = Release|Any CPU
		{03FCBF16-EDF2-45F7-9625-D7615C6A628D}.Release|iPhoneSimulator.ActiveCfg = Release|Any CPU
		{03FCBF16-EDF2-45F7-9625-D7615C6A628D}.Release|iPhoneSimulator.Build.0 = Release|Any CPU
		{7F815941-2000-41C6-8CF2-808E9781E670}.Debug|Any CPU.ActiveCfg = Debug|Any CPU
		{7F815941-2000-41C6-8CF2-808E9781E670}.Debug|Any CPU.Build.0 = Debug|Any CPU
		{7F815941-2000-41C6-8CF2-808E9781E670}.Debug|iPhone.ActiveCfg = Debug|Any CPU
		{7F815941-2000-41C6-8CF2-808E9781E670}.Debug|iPhone.Build.0 = Debug|Any CPU
		{7F815941-2000-41C6-8CF2-808E9781E670}.Debug|iPhoneSimulator.ActiveCfg = Debug|Any CPU
		{7F815941-2000-41C6-8CF2-808E9781E670}.Debug|iPhoneSimulator.Build.0 = Debug|Any CPU
		{7F815941-2000-41C6-8CF2-808E9781E670}.Release|Any CPU.ActiveCfg = Release|Any CPU
		{7F815941-2000-41C6-8CF2-808E9781E670}.Release|Any CPU.Build.0 = Release|Any CPU
		{7F815941-2000-41C6-8CF2-808E9781E670}.Release|iPhone.ActiveCfg = Release|Any CPU
		{7F815941-2000-41C6-8CF2-808E9781E670}.Release|iPhone.Build.0 = Release|Any CPU
		{7F815941-2000-41C6-8CF2-808E9781E670}.Release|iPhoneSimulator.ActiveCfg = Release|Any CPU
		{7F815941-2000-41C6-8CF2-808E9781E670}.Release|iPhoneSimulator.Build.0 = Release|Any CPU
		{857A3632-C37C-4539-83C5-C3C2AE581674}.Debug|Any CPU.ActiveCfg = Debug|Any CPU
		{857A3632-C37C-4539-83C5-C3C2AE581674}.Debug|Any CPU.Build.0 = Debug|Any CPU
		{857A3632-C37C-4539-83C5-C3C2AE581674}.Debug|iPhone.ActiveCfg = Debug|Any CPU
		{857A3632-C37C-4539-83C5-C3C2AE581674}.Debug|iPhone.Build.0 = Debug|Any CPU
		{857A3632-C37C-4539-83C5-C3C2AE581674}.Debug|iPhoneSimulator.ActiveCfg = Debug|Any CPU
		{857A3632-C37C-4539-83C5-C3C2AE581674}.Debug|iPhoneSimulator.Build.0 = Debug|Any CPU
		{857A3632-C37C-4539-83C5-C3C2AE581674}.Release|Any CPU.ActiveCfg = Release|Any CPU
		{857A3632-C37C-4539-83C5-C3C2AE581674}.Release|Any CPU.Build.0 = Release|Any CPU
		{857A3632-C37C-4539-83C5-C3C2AE581674}.Release|iPhone.ActiveCfg = Release|Any CPU
		{857A3632-C37C-4539-83C5-C3C2AE581674}.Release|iPhone.Build.0 = Release|Any CPU
		{857A3632-C37C-4539-83C5-C3C2AE581674}.Release|iPhoneSimulator.ActiveCfg = Release|Any CPU
		{857A3632-C37C-4539-83C5-C3C2AE581674}.Release|iPhoneSimulator.Build.0 = Release|Any CPU
	EndGlobalSection
	GlobalSection(SolutionProperties) = preSolution
		HideSolutionNode = FALSE
	EndGlobalSection
	GlobalSection(ExtensibilityGlobals) = postSolution
		SolutionGuid = {F7CF41FC-FC7B-429A-AC35-0CD4AB6E9DCD}
	EndGlobalSection
EndGlobal
